// !$*UTF8*$!
{
	archiveVersion = 1;
	classes = {
	};
	objectVersion = 50;
	objects = {

/* Begin PBXBuildFile section */
		885C4B7126FB666C008DFE05 /* FavoriteButton.swift in Sources */ = {isa = PBXBuildFile; fileRef = 885C4B7026FB666C008DFE05 /* FavoriteButton.swift */; };
		885C4B7526FB6DAB008DFE05 /* HexagonParameters.swift in Sources */ = {isa = PBXBuildFile; fileRef = 885C4B7426FB6DAB008DFE05 /* HexagonParameters.swift */; };
		885C4B7726FB6EA0008DFE05 /* BadgeBackground.swift in Sources */ = {isa = PBXBuildFile; fileRef = 885C4B7626FB6EA0008DFE05 /* BadgeBackground.swift */; };
		885C4B7926FB7A70008DFE05 /* BadgeSymbol.swift in Sources */ = {isa = PBXBuildFile; fileRef = 885C4B7826FB7A70008DFE05 /* BadgeSymbol.swift */; };
		885C4B7B26FB7C1D008DFE05 /* RotatedBadgeSymbol.swift in Sources */ = {isa = PBXBuildFile; fileRef = 885C4B7A26FB7C1D008DFE05 /* RotatedBadgeSymbol.swift */; };
		885C4B7D26FB7CD8008DFE05 /* Badge.swift in Sources */ = {isa = PBXBuildFile; fileRef = 885C4B7C26FB7CD8008DFE05 /* Badge.swift */; };
		885C4B8026FB8B07008DFE05 /* hikeData.json in Resources */ = {isa = PBXBuildFile; fileRef = 885C4B7F26FB8B07008DFE05 /* hikeData.json */; };
		885C4B8226FB8B1F008DFE05 /* HikeData.swift in Sources */ = {isa = PBXBuildFile; fileRef = 885C4B8126FB8B1F008DFE05 /* HikeData.swift */; };
		885C4B8826FB8C8E008DFE05 /* GraphCapsule.swift in Sources */ = {isa = PBXBuildFile; fileRef = 885C4B8426FB8C8D008DFE05 /* GraphCapsule.swift */; };
		885C4B8926FB8C8E008DFE05 /* HikeGraph.swift in Sources */ = {isa = PBXBuildFile; fileRef = 885C4B8526FB8C8D008DFE05 /* HikeGraph.swift */; };
		885C4B8A26FB8C8E008DFE05 /* HikeDetail.swift in Sources */ = {isa = PBXBuildFile; fileRef = 885C4B8626FB8C8D008DFE05 /* HikeDetail.swift */; };
		885C4B8B26FB8C8E008DFE05 /* HikeView.swift in Sources */ = {isa = PBXBuildFile; fileRef = 885C4B8726FB8C8D008DFE05 /* HikeView.swift */; };
		88B4B38426FA16B900B42484 /* LandmarksApp.swift in Sources */ = {isa = PBXBuildFile; fileRef = 88B4B38326FA16B900B42484 /* LandmarksApp.swift */; };
		88B4B38626FA16B900B42484 /* ContentView.swift in Sources */ = {isa = PBXBuildFile; fileRef = 88B4B38526FA16B900B42484 /* ContentView.swift */; };
		88B4B38826FA16BC00B42484 /* Assets.xcassets in Resources */ = {isa = PBXBuildFile; fileRef = 88B4B38726FA16BC00B42484 /* Assets.xcassets */; };
		88B4B38B26FA16BC00B42484 /* Preview Assets.xcassets in Resources */ = {isa = PBXBuildFile; fileRef = 88B4B38A26FA16BC00B42484 /* Preview Assets.xcassets */; };
		88B4B39326FA185D00B42484 /* CircleImage.swift in Sources */ = {isa = PBXBuildFile; fileRef = 88B4B39226FA185D00B42484 /* CircleImage.swift */; };
		88B4B39526FA190D00B42484 /* MapView.swift in Sources */ = {isa = PBXBuildFile; fileRef = 88B4B39426FA190D00B42484 /* MapView.swift */; };
		88B4B39726FA1C8800B42484 /* landmarkData.json in Resources */ = {isa = PBXBuildFile; fileRef = 88B4B39626FA1C8800B42484 /* landmarkData.json */; };
		88B4B39926FA1CAC00B42484 /* Landmark.swift in Sources */ = {isa = PBXBuildFile; fileRef = 88B4B39826FA1CAC00B42484 /* Landmark.swift */; };
		88B4B39B26FA206300B42484 /* ModelData.swift in Sources */ = {isa = PBXBuildFile; fileRef = 88B4B39A26FA206300B42484 /* ModelData.swift */; };
		88B4B3A026FA22F700B42484 /* LandmarkRow.swift in Sources */ = {isa = PBXBuildFile; fileRef = 88B4B39F26FA22F700B42484 /* LandmarkRow.swift */; };
		88B4B3A226FA24FE00B42484 /* LandmarkList.swift in Sources */ = {isa = PBXBuildFile; fileRef = 88B4B3A126FA24FE00B42484 /* LandmarkList.swift */; };
		88B4B3A426FA679000B42484 /* LandmarkDetail.swift in Sources */ = {isa = PBXBuildFile; fileRef = 88B4B3A326FA679000B42484 /* LandmarkDetail.swift */; };
/* End PBXBuildFile section */

/* Begin PBXFileReference section */
		885C4B7026FB666C008DFE05 /* FavoriteButton.swift */ = {isa = PBXFileReference; lastKnownFileType = sourcecode.swift; path = FavoriteButton.swift; sourceTree = "<group>"; };
		885C4B7426FB6DAB008DFE05 /* HexagonParameters.swift */ = {isa = PBXFileReference; lastKnownFileType = sourcecode.swift; path = HexagonParameters.swift; sourceTree = "<group>"; };
		885C4B7626FB6EA0008DFE05 /* BadgeBackground.swift */ = {isa = PBXFileReference; lastKnownFileType = sourcecode.swift; path = BadgeBackground.swift; sourceTree = "<group>"; };
		885C4B7826FB7A70008DFE05 /* BadgeSymbol.swift */ = {isa = PBXFileReference; lastKnownFileType = sourcecode.swift; path = BadgeSymbol.swift; sourceTree = "<group>"; };
		885C4B7A26FB7C1D008DFE05 /* RotatedBadgeSymbol.swift */ = {isa = PBXFileReference; lastKnownFileType = sourcecode.swift; path = RotatedBadgeSymbol.swift; sourceTree = "<group>"; };
		885C4B7C26FB7CD8008DFE05 /* Badge.swift */ = {isa = PBXFileReference; lastKnownFileType = sourcecode.swift; path = Badge.swift; sourceTree = "<group>"; };
		885C4B7F26FB8B07008DFE05 /* hikeData.json */ = {isa = PBXFileReference; fileEncoding = 4; lastKnownFileType = text.json; path = hikeData.json; sourceTree = "<group>"; };
		885C4B8126FB8B1F008DFE05 /* HikeData.swift */ = {isa = PBXFileReference; lastKnownFileType = sourcecode.swift; path = HikeData.swift; sourceTree = "<group>"; };
		885C4B8426FB8C8D008DFE05 /* GraphCapsule.swift */ = {isa = PBXFileReference; fileEncoding = 4; lastKnownFileType = sourcecode.swift; path = GraphCapsule.swift; sourceTree = "<group>"; };
		885C4B8526FB8C8D008DFE05 /* HikeGraph.swift */ = {isa = PBXFileReference; fileEncoding = 4; lastKnownFileType = sourcecode.swift; path = HikeGraph.swift; sourceTree = "<group>"; };
		885C4B8626FB8C8D008DFE05 /* HikeDetail.swift */ = {isa = PBXFileReference; fileEncoding = 4; lastKnownFileType = sourcecode.swift; path = HikeDetail.swift; sourceTree = "<group>"; };
		885C4B8726FB8C8D008DFE05 /* HikeView.swift */ = {isa = PBXFileReference; fileEncoding = 4; lastKnownFileType = sourcecode.swift; path = HikeView.swift; sourceTree = "<group>"; };
		88B4B38026FA16B900B42484 /* Landmarks.app */ = {isa = PBXFileReference; explicitFileType = wrapper.application; includeInIndex = 0; path = Landmarks.app; sourceTree = BUILT_PRODUCTS_DIR; };
		88B4B38326FA16B900B42484 /* LandmarksApp.swift */ = {isa = PBXFileReference; lastKnownFileType = sourcecode.swift; path = LandmarksApp.swift; sourceTree = "<group>"; };
		88B4B38526FA16B900B42484 /* ContentView.swift */ = {isa = PBXFileReference; lastKnownFileType = sourcecode.swift; path = ContentView.swift; sourceTree = "<group>"; };
		88B4B38726FA16BC00B42484 /* Assets.xcassets */ = {isa = PBXFileReference; lastKnownFileType = folder.assetcatalog; path = Assets.xcassets; sourceTree = "<group>"; };
		88B4B38A26FA16BC00B42484 /* Preview Assets.xcassets */ = {isa = PBXFileReference; lastKnownFileType = folder.assetcatalog; path = "Preview Assets.xcassets"; sourceTree = "<group>"; };
		88B4B38C26FA16BC00B42484 /* Info.plist */ = {isa = PBXFileReference; lastKnownFileType = text.plist.xml; path = Info.plist; sourceTree = "<group>"; };
		88B4B39226FA185D00B42484 /* CircleImage.swift */ = {isa = PBXFileReference; lastKnownFileType = sourcecode.swift; path = CircleImage.swift; sourceTree = "<group>"; };
		88B4B39426FA190D00B42484 /* MapView.swift */ = {isa = PBXFileReference; lastKnownFileType = sourcecode.swift; path = MapView.swift; sourceTree = "<group>"; };
		88B4B39626FA1C8800B42484 /* landmarkData.json */ = {isa = PBXFileReference; fileEncoding = 4; lastKnownFileType = text.json; path = landmarkData.json; sourceTree = "<group>"; };
		88B4B39826FA1CAC00B42484 /* Landmark.swift */ = {isa = PBXFileReference; lastKnownFileType = sourcecode.swift; path = Landmark.swift; sourceTree = "<group>"; };
		88B4B39A26FA206300B42484 /* ModelData.swift */ = {isa = PBXFileReference; lastKnownFileType = sourcecode.swift; path = ModelData.swift; sourceTree = "<group>"; };
		88B4B39F26FA22F700B42484 /* LandmarkRow.swift */ = {isa = PBXFileReference; lastKnownFileType = sourcecode.swift; path = LandmarkRow.swift; sourceTree = "<group>"; };
		88B4B3A126FA24FE00B42484 /* LandmarkList.swift */ = {isa = PBXFileReference; lastKnownFileType = sourcecode.swift; path = LandmarkList.swift; sourceTree = "<group>"; };
		88B4B3A326FA679000B42484 /* LandmarkDetail.swift */ = {isa = PBXFileReference; lastKnownFileType = sourcecode.swift; path = LandmarkDetail.swift; sourceTree = "<group>"; };
/* End PBXFileReference section */

/* Begin PBXFrameworksBuildPhase section */
		88B4B37D26FA16B900B42484 /* Frameworks */ = {
			isa = PBXFrameworksBuildPhase;
			buildActionMask = 2147483647;
			files = (
			);
			runOnlyForDeploymentPostprocessing = 0;
		};
/* End PBXFrameworksBuildPhase section */

/* Begin PBXGroup section */
		885C4B7226FB67B3008DFE05 /* Helpers */ = {
			isa = PBXGroup;
			children = (
				88B4B39226FA185D00B42484 /* CircleImage.swift */,
				88B4B39426FA190D00B42484 /* MapView.swift */,
				885C4B7026FB666C008DFE05 /* FavoriteButton.swift */,
			);
			path = Helpers;
			sourceTree = "<group>";
		};
		885C4B7326FB67C2008DFE05 /* Landmarks */ = {
			isa = PBXGroup;
			children = (
				88B4B39F26FA22F700B42484 /* LandmarkRow.swift */,
				88B4B3A126FA24FE00B42484 /* LandmarkList.swift */,
				88B4B3A326FA679000B42484 /* LandmarkDetail.swift */,
			);
			path = Landmarks;
			sourceTree = "<group>";
		};
		885C4B7E26FB7DE6008DFE05 /* Badges */ = {
			isa = PBXGroup;
			children = (
				885C4B7626FB6EA0008DFE05 /* BadgeBackground.swift */,
				885C4B7826FB7A70008DFE05 /* BadgeSymbol.swift */,
				885C4B7A26FB7C1D008DFE05 /* RotatedBadgeSymbol.swift */,
				885C4B7C26FB7CD8008DFE05 /* Badge.swift */,
				885C4B7426FB6DAB008DFE05 /* HexagonParameters.swift */,
			);
			path = Badges;
			sourceTree = "<group>";
		};
		885C4B8326FB8C8D008DFE05 /* Hikes */ = {
			isa = PBXGroup;
			children = (
				885C4B8426FB8C8D008DFE05 /* GraphCapsule.swift */,
				885C4B8526FB8C8D008DFE05 /* HikeGraph.swift */,
				885C4B8626FB8C8D008DFE05 /* HikeDetail.swift */,
				885C4B8726FB8C8D008DFE05 /* HikeView.swift */,
			);
			path = Hikes;
			sourceTree = "<group>";
		};
		88B4B37726FA16B900B42484 = {
			isa = PBXGroup;
			children = (
				88B4B38226FA16B900B42484 /* Landmarks */,
				88B4B38126FA16B900B42484 /* Products */,
			);
			sourceTree = "<group>";
		};
		88B4B38126FA16B900B42484 /* Products */ = {
			isa = PBXGroup;
			children = (
				88B4B38026FA16B900B42484 /* Landmarks.app */,
			);
			name = Products;
			sourceTree = "<group>";
		};
		88B4B38226FA16B900B42484 /* Landmarks */ = {
			isa = PBXGroup;
			children = (
				88B4B38326FA16B900B42484 /* LandmarksApp.swift */,
				88B4B39C26FA226400B42484 /* Views */,
				88B4B39D26FA227500B42484 /* Model */,
				88B4B38726FA16BC00B42484 /* Assets.xcassets */,
				88B4B39E26FA228000B42484 /* Resources */,
				88B4B38C26FA16BC00B42484 /* Info.plist */,
				88B4B38926FA16BC00B42484 /* Preview Content */,
			);
			path = Landmarks;
			sourceTree = "<group>";
		};
		88B4B38926FA16BC00B42484 /* Preview Content */ = {
			isa = PBXGroup;
			children = (
				88B4B38A26FA16BC00B42484 /* Preview Assets.xcassets */,
			);
			path = "Preview Content";
			sourceTree = "<group>";
		};
		88B4B39C26FA226400B42484 /* Views */ = {
			isa = PBXGroup;
			children = (
				885C4B8326FB8C8D008DFE05 /* Hikes */,
				88B4B38526FA16B900B42484 /* ContentView.swift */,
				885C4B7326FB67C2008DFE05 /* Landmarks */,
				885C4B7226FB67B3008DFE05 /* Helpers */,
				885C4B7E26FB7DE6008DFE05 /* Badges */,
			);
			path = Views;
			sourceTree = "<group>";
		};
		88B4B39D26FA227500B42484 /* Model */ = {
			isa = PBXGroup;
			children = (
				88B4B39826FA1CAC00B42484 /* Landmark.swift */,
				88B4B39A26FA206300B42484 /* ModelData.swift */,
				885C4B8126FB8B1F008DFE05 /* HikeData.swift */,
			);
			path = Model;
			sourceTree = "<group>";
		};
		88B4B39E26FA228000B42484 /* Resources */ = {
			isa = PBXGroup;
			children = (
				885C4B7F26FB8B07008DFE05 /* hikeData.json */,
				88B4B39626FA1C8800B42484 /* landmarkData.json */,
			);
			path = Resources;
			sourceTree = "<group>";
		};
/* End PBXGroup section */

/* Begin PBXNativeTarget section */
		88B4B37F26FA16B900B42484 /* Landmarks */ = {
			isa = PBXNativeTarget;
			buildConfigurationList = 88B4B38F26FA16BC00B42484 /* Build configuration list for PBXNativeTarget "Landmarks" */;
			buildPhases = (
				88B4B37C26FA16B900B42484 /* Sources */,
				88B4B37D26FA16B900B42484 /* Frameworks */,
				88B4B37E26FA16B900B42484 /* Resources */,
			);
			buildRules = (
			);
			dependencies = (
			);
			name = Landmarks;
			productName = Landmarks;
			productReference = 88B4B38026FA16B900B42484 /* Landmarks.app */;
			productType = "com.apple.product-type.application";
		};
/* End PBXNativeTarget section */

/* Begin PBXProject section */
		88B4B37826FA16B900B42484 /* Project object */ = {
			isa = PBXProject;
			attributes = {
				LastSwiftUpdateCheck = 1250;
				LastUpgradeCheck = 1250;
				TargetAttributes = {
					88B4B37F26FA16B900B42484 = {
						CreatedOnToolsVersion = 12.5.1;
					};
				};
			};
			buildConfigurationList = 88B4B37B26FA16B900B42484 /* Build configuration list for PBXProject "Landmarks" */;
			compatibilityVersion = "Xcode 9.3";
			developmentRegion = en;
			hasScannedForEncodings = 0;
			knownRegions = (
				en,
				Base,
			);
			mainGroup = 88B4B37726FA16B900B42484;
			productRefGroup = 88B4B38126FA16B900B42484 /* Products */;
			projectDirPath = "";
			projectRoot = "";
			targets = (
				88B4B37F26FA16B900B42484 /* Landmarks */,
			);
		};
/* End PBXProject section */

/* Begin PBXResourcesBuildPhase section */
		88B4B37E26FA16B900B42484 /* Resources */ = {
			isa = PBXResourcesBuildPhase;
			buildActionMask = 2147483647;
			files = (
				885C4B8026FB8B07008DFE05 /* hikeData.json in Resources */,
				88B4B38B26FA16BC00B42484 /* Preview Assets.xcassets in Resources */,
				88B4B38826FA16BC00B42484 /* Assets.xcassets in Resources */,
				88B4B39726FA1C8800B42484 /* landmarkData.json in Resources */,
			);
			runOnlyForDeploymentPostprocessing = 0;
		};
/* End PBXResourcesBuildPhase section */

/* Begin PBXSourcesBuildPhase section */
		88B4B37C26FA16B900B42484 /* Sources */ = {
			isa = PBXSourcesBuildPhase;
			buildActionMask = 2147483647;
			files = (
				88B4B38626FA16B900B42484 /* ContentView.swift in Sources */,
				885C4B8926FB8C8E008DFE05 /* HikeGraph.swift in Sources */,
				885C4B7D26FB7CD8008DFE05 /* Badge.swift in Sources */,
				88B4B39526FA190D00B42484 /* MapView.swift in Sources */,
				885C4B8826FB8C8E008DFE05 /* GraphCapsule.swift in Sources */,
				88B4B38426FA16B900B42484 /* LandmarksApp.swift in Sources */,
				885C4B8226FB8B1F008DFE05 /* HikeData.swift in Sources */,
				885C4B8A26FB8C8E008DFE05 /* HikeDetail.swift in Sources */,
				885C4B7126FB666C008DFE05 /* FavoriteButton.swift in Sources */,
				885C4B7526FB6DAB008DFE05 /* HexagonParameters.swift in Sources */,
				885C4B7B26FB7C1D008DFE05 /* RotatedBadgeSymbol.swift in Sources */,
				885C4B7926FB7A70008DFE05 /* BadgeSymbol.swift in Sources */,
				88B4B3A226FA24FE00B42484 /* LandmarkList.swift in Sources */,
				885C4B8B26FB8C8E008DFE05 /* HikeView.swift in Sources */,
				88B4B3A426FA679000B42484 /* LandmarkDetail.swift in Sources */,
				885C4B7726FB6EA0008DFE05 /* BadgeBackground.swift in Sources */,
				88B4B39326FA185D00B42484 /* CircleImage.swift in Sources */,
				88B4B39926FA1CAC00B42484 /* Landmark.swift in Sources */,
				88B4B3A026FA22F700B42484 /* LandmarkRow.swift in Sources */,
				88B4B39B26FA206300B42484 /* ModelData.swift in Sources */,
			);
			runOnlyForDeploymentPostprocessing = 0;
		};
/* End PBXSourcesBuildPhase section */

/* Begin XCBuildConfiguration section */
		88B4B38D26FA16BC00B42484 /* Debug */ = {
			isa = XCBuildConfiguration;
			buildSettings = {
				ALWAYS_SEARCH_USER_PATHS = NO;
				CLANG_ANALYZER_NONNULL = YES;
				CLANG_ANALYZER_NUMBER_OBJECT_CONVERSION = YES_AGGRESSIVE;
				CLANG_CXX_LANGUAGE_STANDARD = "gnu++14";
				CLANG_CXX_LIBRARY = "libc++";
				CLANG_ENABLE_MODULES = YES;
				CLANG_ENABLE_OBJC_ARC = YES;
				CLANG_ENABLE_OBJC_WEAK = YES;
				CLANG_WARN_BLOCK_CAPTURE_AUTORELEASING = YES;
				CLANG_WARN_BOOL_CONVERSION = YES;
				CLANG_WARN_COMMA = YES;
				CLANG_WARN_CONSTANT_CONVERSION = YES;
				CLANG_WARN_DEPRECATED_OBJC_IMPLEMENTATIONS = YES;
				CLANG_WARN_DIRECT_OBJC_ISA_USAGE = YES_ERROR;
				CLANG_WARN_DOCUMENTATION_COMMENTS = YES;
				CLANG_WARN_EMPTY_BODY = YES;
				CLANG_WARN_ENUM_CONVERSION = YES;
				CLANG_WARN_INFINITE_RECURSION = YES;
				CLANG_WARN_INT_CONVERSION = YES;
				CLANG_WARN_NON_LITERAL_NULL_CONVERSION = YES;
				CLANG_WARN_OBJC_IMPLICIT_RETAIN_SELF = YES;
				CLANG_WARN_OBJC_LITERAL_CONVERSION = YES;
				CLANG_WARN_OBJC_ROOT_CLASS = YES_ERROR;
				CLANG_WARN_QUOTED_INCLUDE_IN_FRAMEWORK_HEADER = YES;
				CLANG_WARN_RANGE_LOOP_ANALYSIS = YES;
				CLANG_WARN_STRICT_PROTOTYPES = YES;
				CLANG_WARN_SUSPICIOUS_MOVE = YES;
				CLANG_WARN_UNGUARDED_AVAILABILITY = YES_AGGRESSIVE;
				CLANG_WARN_UNREACHABLE_CODE = YES;
				CLANG_WARN__DUPLICATE_METHOD_MATCH = YES;
				COPY_PHASE_STRIP = NO;
				DEBUG_INFORMATION_FORMAT = dwarf;
				ENABLE_STRICT_OBJC_MSGSEND = YES;
				ENABLE_TESTABILITY = YES;
				GCC_C_LANGUAGE_STANDARD = gnu11;
				GCC_DYNAMIC_NO_PIC = NO;
				GCC_NO_COMMON_BLOCKS = YES;
				GCC_OPTIMIZATION_LEVEL = 0;
				GCC_PREPROCESSOR_DEFINITIONS = (
					"DEBUG=1",
					"$(inherited)",
				);
				GCC_WARN_64_TO_32_BIT_CONVERSION = YES;
				GCC_WARN_ABOUT_RETURN_TYPE = YES_ERROR;
				GCC_WARN_UNDECLARED_SELECTOR = YES;
				GCC_WARN_UNINITIALIZED_AUTOS = YES_AGGRESSIVE;
				GCC_WARN_UNUSED_FUNCTION = YES;
				GCC_WARN_UNUSED_VARIABLE = YES;
				IPHONEOS_DEPLOYMENT_TARGET = 14.5;
				MTL_ENABLE_DEBUG_INFO = INCLUDE_SOURCE;
				MTL_FAST_MATH = YES;
				ONLY_ACTIVE_ARCH = YES;
				SDKROOT = iphoneos;
				SWIFT_ACTIVE_COMPILATION_CONDITIONS = DEBUG;
				SWIFT_OPTIMIZATION_LEVEL = "-Onone";
			};
			name = Debug;
		};
		88B4B38E26FA16BC00B42484 /* Release */ = {
			isa = XCBuildConfiguration;
			buildSettings = {
				ALWAYS_SEARCH_USER_PATHS = NO;
				CLANG_ANALYZER_NONNULL = YES;
				CLANG_ANALYZER_NUMBER_OBJECT_CONVERSION = YES_AGGRESSIVE;
				CLANG_CXX_LANGUAGE_STANDARD = "gnu++14";
				CLANG_CXX_LIBRARY = "libc++";
				CLANG_ENABLE_MODULES = YES;
				CLANG_ENABLE_OBJC_ARC = YES;
				CLANG_ENABLE_OBJC_WEAK = YES;
				CLANG_WARN_BLOCK_CAPTURE_AUTORELEASING = YES;
				CLANG_WARN_BOOL_CONVERSION = YES;
				CLANG_WARN_COMMA = YES;
				CLANG_WARN_CONSTANT_CONVERSION = YES;
				CLANG_WARN_DEPRECATED_OBJC_IMPLEMENTATIONS = YES;
				CLANG_WARN_DIRECT_OBJC_ISA_USAGE = YES_ERROR;
				CLANG_WARN_DOCUMENTATION_COMMENTS = YES;
				CLANG_WARN_EMPTY_BODY = YES;
				CLANG_WARN_ENUM_CONVERSION = YES;
				CLANG_WARN_INFINITE_RECURSION = YES;
				CLANG_WARN_INT_CONVERSION = YES;
				CLANG_WARN_NON_LITERAL_NULL_CONVERSION = YES;
				CLANG_WARN_OBJC_IMPLICIT_RETAIN_SELF = YES;
				CLANG_WARN_OBJC_LITERAL_CONVERSION = YES;
				CLANG_WARN_OBJC_ROOT_CLASS = YES_ERROR;
				CLANG_WARN_QUOTED_INCLUDE_IN_FRAMEWORK_HEADER = YES;
				CLANG_WARN_RANGE_LOOP_ANALYSIS = YES;
				CLANG_WARN_STRICT_PROTOTYPES = YES;
				CLANG_WARN_SUSPICIOUS_MOVE = YES;
				CLANG_WARN_UNGUARDED_AVAILABILITY = YES_AGGRESSIVE;
				CLANG_WARN_UNREACHABLE_CODE = YES;
				CLANG_WARN__DUPLICATE_METHOD_MATCH = YES;
				COPY_PHASE_STRIP = NO;
				DEBUG_INFORMATION_FORMAT = "dwarf-with-dsym";
				ENABLE_NS_ASSERTIONS = NO;
				ENABLE_STRICT_OBJC_MSGSEND = YES;
				GCC_C_LANGUAGE_STANDARD = gnu11;
				GCC_NO_COMMON_BLOCKS = YES;
				GCC_WARN_64_TO_32_BIT_CONVERSION = YES;
				GCC_WARN_ABOUT_RETURN_TYPE = YES_ERROR;
				GCC_WARN_UNDECLARED_SELECTOR = YES;
				GCC_WARN_UNINITIALIZED_AUTOS = YES_AGGRESSIVE;
				GCC_WARN_UNUSED_FUNCTION = YES;
				GCC_WARN_UNUSED_VARIABLE = YES;
				IPHONEOS_DEPLOYMENT_TARGET = 14.5;
				MTL_ENABLE_DEBUG_INFO = NO;
				MTL_FAST_MATH = YES;
				SDKROOT = iphoneos;
				SWIFT_COMPILATION_MODE = wholemodule;
				SWIFT_OPTIMIZATION_LEVEL = "-O";
				VALIDATE_PRODUCT = YES;
			};
			name = Release;
		};
		88B4B39026FA16BC00B42484 /* Debug */ = {
			isa = XCBuildConfiguration;
			buildSettings = {
				ASSETCATALOG_COMPILER_APPICON_NAME = AppIcon;
				ASSETCATALOG_COMPILER_GLOBAL_ACCENT_COLOR_NAME = AccentColor;
				CODE_SIGN_STYLE = Automatic;
				DEVELOPMENT_ASSET_PATHS = "\"Landmarks/Preview Content\"";
				DEVELOPMENT_TEAM = 238CXC7DZ6;
				ENABLE_PREVIEWS = YES;
				INFOPLIST_FILE = Landmarks/Info.plist;
				IPHONEOS_DEPLOYMENT_TARGET = 14.0;
				LD_RUNPATH_SEARCH_PATHS = (
					"$(inherited)",
					"@executable_path/Frameworks",
				);
				PRODUCT_BUNDLE_IDENTIFIER = com.yusufcaglar.Landmarks;
				PRODUCT_NAME = "$(TARGET_NAME)";
				SWIFT_VERSION = 5.0;
				TARGETED_DEVICE_FAMILY = "1,2";
			};
			name = Debug;
		};
		88B4B39126FA16BC00B42484 /* Release */ = {
			isa = XCBuildConfiguration;
			buildSettings = {
				ASSETCATALOG_COMPILER_APPICON_NAME = AppIcon;
				ASSETCATALOG_COMPILER_GLOBAL_ACCENT_COLOR_NAME = AccentColor;
				CODE_SIGN_STYLE = Automatic;
				DEVELOPMENT_ASSET_PATHS = "\"Landmarks/Preview Content\"";
				DEVELOPMENT_TEAM = 238CXC7DZ6;
				ENABLE_PREVIEWS = YES;
				INFOPLIST_FILE = Landmarks/Info.plist;
				IPHONEOS_DEPLOYMENT_TARGET = 14.0;
				LD_RUNPATH_SEARCH_PATHS = (
					"$(inherited)",
					"@executable_path/Frameworks",
				);
				PRODUCT_BUNDLE_IDENTIFIER = com.yusufcaglar.Landmarks;
				PRODUCT_NAME = "$(TARGET_NAME)";
				SWIFT_VERSION = 5.0;
				TARGETED_DEVICE_FAMILY = "1,2";
			};
			name = Release;
		};
/* End XCBuildConfiguration section */

/* Begin XCConfigurationList section */
		88B4B37B26FA16B900B42484 /* Build configuration list for PBXProject "Landmarks" */ = {
			isa = XCConfigurationList;
			buildConfigurations = (
				88B4B38D26FA16BC00B42484 /* Debug */,
				88B4B38E26FA16BC00B42484 /* Release */,
			);
			defaultConfigurationIsVisible = 0;
			defaultConfigurationName = Release;
		};
		88B4B38F26FA16BC00B42484 /* Build configuration list for PBXNativeTarget "Landmarks" */ = {
			isa = XCConfigurationList;
			buildConfigurations = (
				88B4B39026FA16BC00B42484 /* Debug */,
				88B4B39126FA16BC00B42484 /* Release */,
			);
			defaultConfigurationIsVisible = 0;
			defaultConfigurationName = Release;
		};
/* End XCConfigurationList section */
	};
	rootObject = 88B4B37826FA16B900B42484 /* Project object */;
}
